dependencies:
  espressif/esp_tinyusb:
    component_hash: 3f273ea23ce1a9573f6708729c02f46d75c8110bc88a61daa07c3a03789f718f
    dependencies:
    - name: idf
      require: private
      version: '>=5.0'
    - name: espressif/tinyusb
      registry_url: https://components.espressif.com
      require: public
      version: '>=0.14.2'
    source:
      registry_url: https://components.espressif.com/
      type: service
    version: 1.6.0
  espressif/tinyusb:
    component_hash: 7f73a4159dc95325ceaa4ade5e88734c4e1f5124746a3765cf61dc6157d78798
    dependencies:
    - name: idf
      require: private
      version: '>=5.0'
    source:
      registry_url: https://components.espressif.com
      type: service
    targets:
    - esp32s2
    - esp32s3
    - esp32p4
    version: 0.17.0~2
  idf:
    source:
      type: idf
    version: 5.5.0
direct_dependencies:
- espressif/esp_tinyusb
- idf
manifest_hash: 130a68a4fa793a650fabb8d7c50a8aaa1574e38939ba4eafd719744534ddf691
target: esp32s3
version: 2.0.0
